PODS:
  - Alamofire (5.4.3)

DEPENDENCIES:
  - Alamofire (from `https://github.com/Alamofire/Alamofire.git`, tag `5.4.3`)

EXTERNAL SOURCES:
  Alamofire:
    :git: https://github.com/Alamofire/Alamofire.git
    :tag: 5.4.3

CHECKOUT OPTIONS:
  Alamofire:
    :git: https://github.com/Alamofire/Alamofire.git
    :tag: 5.4.3

SPEC CHECKSUMS:
  Alamofire: e447a2774a40c996748296fa2c55112fdbbc42f9

PODFILE CHECKSUM: 6c953d1f8f9361550d99c6a20320a8e121d17ae8

COCOAPODS: 1.10.1
